// !$*UTF8*$!
{
	archiveVersion = 1;
	classes = {
	};
	objectVersion = 46;
	objects = {

/* Begin PBXBuildFile section */
		31DA22221F5097D900399915 /* AppDelegate.swift in Sources */ = {isa = PBXBuildFile; fileRef = 31DA22211F5097D900399915 /* AppDelegate.swift */; };
		31DA22241F5097D900399915 /* ViewController.swift in Sources */ = {isa = PBXBuildFile; fileRef = 31DA22231F5097D900399915 /* ViewController.swift */; };
		31DA22271F5097D900399915 /* Main.storyboard in Resources */ = {isa = PBXBuildFile; fileRef = 31DA22251F5097D900399915 /* Main.storyboard */; };
		31DA22291F5097D900399915 /* Assets.xcassets in Resources */ = {isa = PBXBuildFile; fileRef = 31DA22281F5097D900399915 /* Assets.xcassets */; };
		31DA222C1F5097D900399915 /* LaunchScreen.storyboard in Resources */ = {isa = PBXBuildFile; fileRef = 31DA222A1F5097D900399915 /* LaunchScreen.storyboard */; };
/* End PBXBuildFile section */

/* Begin PBXFileReference section */
		31DA221E1F5097D900399915 /* G56L3.app */ = {isa = PBXFileReference; explicitFileType = wrapper.application; includeInIndex = 0; path = G56L3.app; sourceTree = BUILT_PRODUCTS_DIR; };
		31DA22211F5097D900399915 /* AppDelegate.swift */ = {isa = PBXFileReference; lastKnownFileType = sourcecode.swift; path = AppDelegate.swift; sourceTree = "<group>"; };
		31DA22231F5097D900399915 /* ViewController.swift */ = {isa = PBXFileReference; lastKnownFileType = sourcecode.swift; path = ViewController.swift; sourceTree = "<group>"; };
		31DA22261F5097D900399915 /* Base */ = {isa = PBXFileReference; lastKnownFileType = file.storyboard; name = Base; path = Base.lproj/Main.storyboard; sourceTree = "<group>"; };
		31DA22281F5097D900399915 /* Assets.xcassets */ = {isa = PBXFileReference; lastKnownFileType = folder.assetcatalog; path = Assets.xcassets; sourceTree = "<group>"; };
		31DA222B1F5097D900399915 /* Base */ = {isa = PBXFileReference; lastKnownFileType = file.storyboard; name = Base; path = Base.lproj/LaunchScreen.storyboard; sourceTree = "<group>"; };
		31DA222D1F5097D900399915 /* Info.plist */ = {isa = PBXFileReference; lastKnownFileType = text.plist.xml; path = Info.plist; sourceTree = "<group>"; };
/* End PBXFileReference section */

/* Begin PBXFrameworksBuildPhase section */
		31DA221B1F5097D900399915 /* Frameworks */ = {
			isa = PBXFrameworksBuildPhase;
			buildActionMask = 2147483647;
			files = (
			);
			runOnlyForDeploymentPostprocessing = 0;
		};
/* End PBXFrameworksBuildPhase section */

/* Begin PBXGroup section */
		31DA22151F5097D900399915 = {
			isa = PBXGroup;
			children = (
				31DA22201F5097D900399915 /* G56L3 */,
				31DA221F1F5097D900399915 /* Products */,
			);
			sourceTree = "<group>";
		};
		31DA221F1F5097D900399915 /* Products */ = {
			isa = PBXGroup;
			children = (
				31DA221E1F5097D900399915 /* G56L3.app */,
			);
			name = Products;
			sourceTree = "<group>";
		};
		31DA22201F5097D900399915 /* G56L3 */ = {
			isa = PBXGroup;
			children = (
				31DA22211F5097D900399915 /* AppDelegate.swift */,
				31DA22231F5097D900399915 /* ViewController.swift */,
				31DA22251F5097D900399915 /* Main.storyboard */,
				31DA22281F5097D900399915 /* Assets.xcassets */,
				31DA222A1F5097D900399915 /* LaunchScreen.storyboard */,
				31DA222D1F5097D900399915 /* Info.plist */,
			);
			path = G56L3;
			sourceTree = "<group>";
		};
/* End PBXGroup section */

/* Begin PBXNativeTarget section */
		31DA221D1F5097D900399915 /* G56L3 */ = {
			isa = PBXNativeTarget;
			buildConfigurationList = 31DA22301F5097D900399915 /* Build configuration list for PBXNativeTarget "G56L3" */;
			buildPhases = (
				31DA221A1F5097D900399915 /* Sources */,
				31DA221B1F5097D900399915 /* Frameworks */,
				31DA221C1F5097D900399915 /* Resources */,
			);
			buildRules = (
			);
			dependencies = (
			);
			name = G56L3;
			productName = G56L3;
			productReference = 31DA221E1F5097D900399915 /* G56L3.app */;
			productType = "com.apple.product-type.application";
		};
/* End PBXNativeTarget section */

/* Begin PBXProject section */
		31DA22161F5097D900399915 /* Project object */ = {
			isa = PBXProject;
			attributes = {
				LastSwiftUpdateCheck = 0810;
				LastUpgradeCheck = 0810;
				ORGANIZATIONNAME = Alesia;
				TargetAttributes = {
					31DA221D1F5097D900399915 = {
						CreatedOnToolsVersion = 8.1;
						ProvisioningStyle = Automatic;
					};
				};
			};
			buildConfigurationList = 31DA22191F5097D900399915 /* Build configuration list for PBXProject "G56L3" */;
			compatibilityVersion = "Xcode 3.2";
			developmentRegion = English;
			hasScannedForEncodings = 0;
			knownRegions = (
				en,
				Base,
			);
			mainGroup = 31DA22151F5097D900399915;
			productRefGroup = 31DA221F1F5097D900399915 /* Products */;
			projectDirPath = "";
			projectRoot = "";
			targets = (
				31DA221D1F5097D900399915 /* G56L3 */,
			);
		};
/* End PBXProject section */

/* Begin PBXResourcesBuildPhase section */
		31DA221C1F5097D900399915 /* Resources */ = {
			isa = PBXResourcesBuildPhase;
			buildActionMask = 2147483647;
			files = (
				31DA222C1F5097D900399915 /* LaunchScreen.storyboard in Resources */,
				31DA22291F5097D900399915 /* Assets.xcassets in Resources */,
				31DA22271F5097D900399915 /* Main.storyboard in Resources */,
			);
			runOnlyForDeploymentPostprocessing = 0;
		};
/* End PBXResourcesBuildPhase section */

/* Begin PBXSourcesBuildPhase section */
		31DA221A1F5097D900399915 /* Sources */ = {
			isa = PBXSourcesBuildPhase;
			buildActionMask = 2147483647;
			files = (
				31DA22241F5097D900399915 /* ViewController.swift in Sources */,
				31DA22221F5097D900399915 /* AppDelegate.swift in Sources */,
			);
			runOnlyForDeploymentPostprocessing = 0;
		};
/* End PBXSourcesBuildPhase section */

/* Begin PBXVariantGroup section */
		31DA22251F5097D900399915 /* Main.storyboard */ = {
			isa = PBXVariantGroup;
			children = (
				31DA22261F5097D900399915 /* Base */,
			);
			name = Main.storyboard;
			sourceTree = "<group>";
		};
		31DA222A1F5097D900399915 /* LaunchScreen.storyboard */ = {
			isa = PBXVariantGroup;
			children = (
				31DA222B1F5097D900399915 /* Base */,
			);
			name = LaunchScreen.storyboard;
			sourceTree = "<group>";
		};
/* End PBXVariantGroup section */

/* Begin XCBuildConfiguration section */
		31DA222E1F5097D900399915 /* Debug */ = {
			isa = XCBuildConfiguration;
			buildSettings = {
				ALWAYS_SEARCH_USER_PATHS = NO;
				CLANG_ANALYZER_NONNULL = YES;
				CLANG_CXX_LANGUAGE_STANDARD = "gnu++0x";
				CLANG_CXX_LIBRARY = "libc++";
				CLANG_ENABLE_MODULES = YES;
				CLANG_ENABLE_OBJC_ARC = YES;
				CLANG_WARN_BOOL_CONVERSION = YES;
				CLANG_WARN_CONSTANT_CONVERSION = YES;
				CLANG_WARN_DIRECT_OBJC_ISA_USAGE = YES_ERROR;
				CLANG_WARN_DOCUMENTATION_COMMENTS = YES;
				CLANG_WARN_EMPTY_BODY = YES;
				CLANG_WARN_ENUM_CONVERSION = YES;
				CLANG_WARN_INFINITE_RECURSION = YES;
				CLANG_WARN_INT_CONVERSION = YES;
				CLANG_WARN_OBJC_ROOT_CLASS = YES_ERROR;
				CLANG_WARN_SUSPICIOUS_MOVES = YES;
				CLANG_WARN_UNREACHABLE_CODE = YES;
				CLANG_WARN__DUPLICATE_METHOD_MATCH = YES;
				"CODE_SIGN_IDENTITY[sdk=iphoneos*]" = "iPhone Developer";
				COPY_PHASE_STRIP = NO;
				DEBUG_INFORMATION_FORMAT = dwarf;
				ENABLE_STRICT_OBJC_MSGSEND = YES;
				ENABLE_TESTABILITY = YES;
				GCC_C_LANGUAGE_STANDARD = gnu99;
				GCC_DYNAMIC_NO_PIC = NO;
				GCC_NO_COMMON_BLOCKS = YES;
				GCC_OPTIMIZATION_LEVEL = 0;
				GCC_PREPROCESSOR_DEFINITIONS = (
					"DEBUG=1",
					"$(inherited)",
				);
				GCC_WARN_64_TO_32_BIT_CONVERSION = YES;
				GCC_WARN_ABOUT_RETURN_TYPE = YES_ERROR;
				GCC_WARN_UNDECLARED_SELECTOR = YES;
				GCC_WARN_UNINITIALIZED_AUTOS = YES_AGGRESSIVE;
				GCC_WARN_UNUSED_FUNCTION = YES;
				GCC_WARN_UNUSED_VARIABLE = YES;
				IPHONEOS_DEPLOYMENT_TARGET = 10.1;
				MTL_ENABLE_DEBUG_INFO = YES;
				ONLY_ACTIVE_ARCH = YES;
				SDKROOT = iphoneos;
				SWIFT_ACTIVE_COMPILATION_CONDITIONS = DEBUG;
				SWIFT_OPTIMIZATION_LEVEL = "-Onone";
				TARGETED_DEVICE_FAMILY = "1,2";
			};
			name = Debug;
		};
		31DA222F1F5097D900399915 /* Release */ = {
			isa = XCBuildConfiguration;
			buildSettings = {
				ALWAYS_SEARCH_USER_PATHS = NO;
				CLANG_ANALYZER_NONNULL = YES;
				CLANG_CXX_LANGUAGE_STANDARD = "gnu++0x";
				CLANG_CXX_LIBRARY = "libc++";
				CLANG_ENABLE_MODULES = YES;
				CLANG_ENABLE_OBJC_ARC = YES;
				CLANG_WARN_BOOL_CONVERSION = YES;
				CLANG_WARN_CONSTANT_CONVERSION = YES;
				CLANG_WARN_DIRECT_OBJC_ISA_USAGE = YES_ERROR;
				CLANG_WARN_DOCUMENTATION_COMMENTS = YES;
				CLANG_WARN_EMPTY_BODY = YES;
				CLANG_WARN_ENUM_CONVERSION = YES;
				CLANG_WARN_INFINITE_RECURSION = YES;
				CLANG_WARN_INT_CONVERSION = YES;
				CLANG_WARN_OBJC_ROOT_CLASS = YES_ERROR;
				CLANG_WARN_SUSPICIOUS_MOVES = YES;
				CLANG_WARN_UNREACHABLE_CODE = YES;
				CLANG_WARN__DUPLICATE_METHOD_MATCH = YES;
				"CODE_SIGN_IDENTITY[sdk=iphoneos*]" = "iPhone Developer";
				COPY_PHASE_STRIP = NO;
				DEBUG_INFORMATION_FORMAT = "dwarf-with-dsym";
				ENABLE_NS_ASSERTIONS = NO;
				ENABLE_STRICT_OBJC_MSGSEND = YES;
				GCC_C_LANGUAGE_STANDARD = gnu99;
				GCC_NO_COMMON_BLOCKS = YES;
				GCC_WARN_64_TO_32_BIT_CONVERSION = YES;
				GCC_WARN_ABOUT_RETURN_TYPE = YES_ERROR;
				GCC_WARN_UNDECLARED_SELECTOR = YES;
				GCC_WARN_UNINITIALIZED_AUTOS = YES_AGGRESSIVE;
				GCC_WARN_UNUSED_FUNCTION = YES;
				GCC_WARN_UNUSED_VARIABLE = YES;
				IPHONEOS_DEPLOYMENT_TARGET = 10.1;
				MTL_ENABLE_DEBUG_INFO = NO;
				SDKROOT = iphoneos;
				SWIFT_OPTIMIZATION_LEVEL = "-Owholemodule";
				TARGETED_DEVICE_FAMILY = "1,2";
				VALIDATE_PRODUCT = YES;
			};
			name = Release;
		};
		31DA22311F5097D900399915 /* Debug */ = {
			isa = XCBuildConfiguration;
			buildSettings = {
				ASSETCATALOG_COMPILER_APPICON_NAME = AppIcon;
				INFOPLIST_FILE = G56L3/Info.plist;
				LD_RUNPATH_SEARCH_PATHS = "$(inherited) @executable_path/Frameworks";
				PRODUCT_BUNDLE_IDENTIFIER = jusfan.G56L3;
				PRODUCT_NAME = "$(TARGET_NAME)";
				SWIFT_VERSION = 3.0;
			};
			name = Debug;
		};
		31DA22321F5097D900399915 /* Release */ = {
			isa = XCBuildConfiguration;
			buildSettings = {
				ASSETCATALOG_COMPILER_APPICON_NAME = AppIcon;
				INFOPLIST_FILE = G56L3/Info.plist;
				LD_RUNPATH_SEARCH_PATHS = "$(inherited) @executable_path/Frameworks";
				PRODUCT_BUNDLE_IDENTIFIER = jusfan.G56L3;
				PRODUCT_NAME = "$(TARGET_NAME)";
				SWIFT_VERSION = 3.0;
			};
			name = Release;
		};
/* End XCBuildConfiguration section */

/* Begin XCConfigurationList section */
		31DA22191F5097D900399915 /* Build configuration list for PBXProject "G56L3" */ = {
			isa = XCConfigurationList;
			buildConfigurations = (
				31DA222E1F5097D900399915 /* Debug */,
				31DA222F1F5097D900399915 /* Release */,
			);
			defaultConfigurationIsVisible = 0;
			defaultConfigurationName = Release;
		};
		31DA22301F5097D900399915 /* Build configuration list for PBXNativeTarget "G56L3" */ = {
			isa = XCConfigurationList;
			buildConfigurations = (
				31DA22311F5097D900399915 /* Debug */,
				31DA22321F5097D900399915 /* Release */,
			);
			defaultConfigurationIsVisible = 0;
		};
/* End XCConfigurationList section */
	};
	rootObject = 31DA22161F5097D900399915 /* Project object */;
}
